# This file was autogenerated by Stack.
# You should not edit this file by hand.
# For more information, please see the documentation at:
#   https://docs.haskellstack.org/en/stable/lock_files

packages: []
snapshots:
- completed:
    sha256: d7c4c68c7f7401e5f2f4c0edf1bcb8e7d7cc8575bc9d778eb49443f5281e9c9e
    size: 616793
    url: https://raw.githubusercontent.com/commercialhaskell/stackage-snapshots/master/nightly/2022/7/15.yaml
  original: nightly-2022-07-15
